{
  "name": "orbo_app",
  "lockfileVersion": 2,
  "requires": true,
  "packages": {
    "": {
      "dependencies": {
        "bulma": "^0.9.4"
      }
    },
    "node_modules/bulma": {
      "version": "0.9.4",
      "license": "MIT"
    }
  },
  "dependencies": {
    "bulma": {
      "version": "0.9.4"
    }
  }
}
